
Microsoft Visual Studio Solution File, Format Version 12.00
# Visual Studio Version 17
VisualStudioVersion = 17.14.37614.0 d17.14
MinimumVisualStudioVersion = 10.0.40219.1
Project("{FAE04EC0-301F-11D3-BF4B-00C04F79EFBC}") = "assigmentoop4", "assigmentoop4\assigmentoop4.csproj", "{EBD59C18-B7DA-43D3-89FF-614038D7CF3D}"
EndProject
Global
	GlobalSection(SolutionConfigurationPlatforms) = preSolution
		Debug|Any CPU = Debug|Any CPU
		Release|Any CPU = Release|Any CPU
	EndGlobalSection
	GlobalSection(ProjectConfigurationPlatforms) = postSolution
		{EBD59C18-B7DA-43D3-89FF-614038D7CF3D}.Debug|Any CPU.ActiveCfg = Debug|Any CPU
		{EBD59C18-B7DA-43D3-89FF-614038D7CF3D}.Debug|Any CPU.Build.0 = Debug|Any CPU
		{EBD59C18-B7DA-43D3-89FF-614038D7CF3D}.Release|Any CPU.ActiveCfg = Release|Any CPU
		{EBD59C18-B7DA-43D3-89FF-614038D7CF3D}.Release|Any CPU.Build.0 = Release|Any CPU
	EndGlobalSection
	GlobalSection(SolutionProperties) = preSolution
		HideSolutionNode = FALSE
	EndGlobalSection
	GlobalSection(ExtensibilityGlobals) = postSolution
		SolutionGuid = {535C3214-8AAF-48C1-A825-BC8267EA56C0}
	EndGlobalSection
EndGlobal
